# This file is automatically @generated by Cargo.
# It is not intended for manual editing.
[[package]]
name = "gcc"
version = "0.3.5"
source = "registry+https://github.com/rust-lang/crates.io-index"

[[package]]
name = "httpd"
version = "0.1.0"
dependencies = [
 "gcc 0.3.5 (registry+https://github.com/rust-lang/crates.io-index)",
 "libc 0.2.58 (registry+https://github.com/rust-lang/crates.io-index)",
 "time 0.1.25 (registry+https://github.com/rust-lang/crates.io-index)",
]

[[package]]
name = "libc"
version = "0.1.8"
source = "registry+https://github.com/rust-lang/crates.io-index"

[[package]]
name = "libc"
version = "0.2.58"
source = "registry+https://github.com/rust-lang/crates.io-index"

[[package]]
name = "time"
version = "0.1.25"
source = "registry+https://github.com/rust-lang/crates.io-index"
dependencies = [
 "gcc 0.3.5 (registry+https://github.com/rust-lang/crates.io-index)",
 "libc 0.1.8 (registry+https://github.com/rust-lang/crates.io-index)",
]

[metadata]
"checksum gcc 0.3.5 (registry+https://github.com/rust-lang/crates.io-index)" = "0c2210f2b93a3bb3ee26c639f12c65a21221b827ab7db105476e3f055e5c4589"
"checksum libc 0.1.8 (registry+https://github.com/rust-lang/crates.io-index)" = "a64b9ad3eea69f6f43b87c07c0534505a68c8834ad4c6bad4089de15e45cec83"
"checksum libc 0.2.58 (registry+https://github.com/rust-lang/crates.io-index)" = "6281b86796ba5e4366000be6e9e18bf35580adf9e63fbe2294aadb587613a319"
"checksum time 0.1.25 (registry+https://github.com/rust-lang/crates.io-index)" = "f20e102bca8f92bbd42eefad5ec66e4d74701849de4ac348051b7536721c8a19"
